// !$*UTF8*$!
{
	archiveVersion = 1;
	classes = {
	};
	objectVersion = 56;
	objects = {

/* Begin PBXBuildFile section */
		2E3FCF312B6F90DD00CCAF5A /* AirbnbCloneApp.swift in Sources */ = {isa = PBXBuildFile; fileRef = 2E3FCF302B6F90DD00CCAF5A /* AirbnbCloneApp.swift */; };
		2E3FCF332B6F90DD00CCAF5A /* ContentView.swift in Sources */ = {isa = PBXBuildFile; fileRef = 2E3FCF322B6F90DD00CCAF5A /* ContentView.swift */; };
		2E3FCF352B6F90DE00CCAF5A /* Assets.xcassets in Resources */ = {isa = PBXBuildFile; fileRef = 2E3FCF342B6F90DE00CCAF5A /* Assets.xcassets */; };
		2E3FCF382B6F90DE00CCAF5A /* Preview Assets.xcassets in Resources */ = {isa = PBXBuildFile; fileRef = 2E3FCF372B6F90DE00CCAF5A /* Preview Assets.xcassets */; };
		2E3FCF4B2B6F936300CCAF5A /* ExploreView.swift in Sources */ = {isa = PBXBuildFile; fileRef = 2E3FCF4A2B6F936300CCAF5A /* ExploreView.swift */; };
		2E3FCF4D2B6F94B600CCAF5A /* ListingItemView.swift in Sources */ = {isa = PBXBuildFile; fileRef = 2E3FCF4C2B6F94B600CCAF5A /* ListingItemView.swift */; };
		2E3FCF4F2B7154F000CCAF5A /* SearchAndFilterBar.swift in Sources */ = {isa = PBXBuildFile; fileRef = 2E3FCF4E2B7154F000CCAF5A /* SearchAndFilterBar.swift */; };
		2E3FCF512B71673500CCAF5A /* ListingDetailView.swift in Sources */ = {isa = PBXBuildFile; fileRef = 2E3FCF502B71673500CCAF5A /* ListingDetailView.swift */; };
		2E3FCF542B7167AE00CCAF5A /* ListingImageCarouselView.swift in Sources */ = {isa = PBXBuildFile; fileRef = 2E3FCF532B7167AE00CCAF5A /* ListingImageCarouselView.swift */; };
		2E3FCF562B74051A00CCAF5A /* DestinationSearchView.swift in Sources */ = {isa = PBXBuildFile; fileRef = 2E3FCF552B74051A00CCAF5A /* DestinationSearchView.swift */; };
		2E3FCF582B76637B00CCAF5A /* ProfileView.swift in Sources */ = {isa = PBXBuildFile; fileRef = 2E3FCF572B76637B00CCAF5A /* ProfileView.swift */; };
		2E3FCF5A2B767BA200CCAF5A /* ProfileOptionRowView.swift in Sources */ = {isa = PBXBuildFile; fileRef = 2E3FCF592B767BA200CCAF5A /* ProfileOptionRowView.swift */; };
		2E3FCF5C2B767CA400CCAF5A /* WishlistView.swift in Sources */ = {isa = PBXBuildFile; fileRef = 2E3FCF5B2B767CA400CCAF5A /* WishlistView.swift */; };
		2E3FCF5E2B76AFCB00CCAF5A /* MainTabView.swift in Sources */ = {isa = PBXBuildFile; fileRef = 2E3FCF5D2B76AFCB00CCAF5A /* MainTabView.swift */; };
		2E3FCF622B76B18700CCAF5A /* Listing.swift in Sources */ = {isa = PBXBuildFile; fileRef = 2E3FCF612B76B18700CCAF5A /* Listing.swift */; };
		2E3FCF642B76CA0400CCAF5A /* DeveloperPreview.swift in Sources */ = {isa = PBXBuildFile; fileRef = 2E3FCF632B76CA0400CCAF5A /* DeveloperPreview.swift */; };
/* End PBXBuildFile section */

/* Begin PBXFileReference section */
		2E3FCF2D2B6F90DD00CCAF5A /* AirbnbClone.app */ = {isa = PBXFileReference; explicitFileType = wrapper.application; includeInIndex = 0; path = AirbnbClone.app; sourceTree = BUILT_PRODUCTS_DIR; };
		2E3FCF302B6F90DD00CCAF5A /* AirbnbCloneApp.swift */ = {isa = PBXFileReference; lastKnownFileType = sourcecode.swift; path = AirbnbCloneApp.swift; sourceTree = "<group>"; };
		2E3FCF322B6F90DD00CCAF5A /* ContentView.swift */ = {isa = PBXFileReference; lastKnownFileType = sourcecode.swift; path = ContentView.swift; sourceTree = "<group>"; };
		2E3FCF342B6F90DE00CCAF5A /* Assets.xcassets */ = {isa = PBXFileReference; lastKnownFileType = folder.assetcatalog; path = Assets.xcassets; sourceTree = "<group>"; };
		2E3FCF372B6F90DE00CCAF5A /* Preview Assets.xcassets */ = {isa = PBXFileReference; lastKnownFileType = folder.assetcatalog; path = "Preview Assets.xcassets"; sourceTree = "<group>"; };
		2E3FCF4A2B6F936300CCAF5A /* ExploreView.swift */ = {isa = PBXFileReference; lastKnownFileType = sourcecode.swift; path = ExploreView.swift; sourceTree = "<group>"; };
		2E3FCF4C2B6F94B600CCAF5A /* ListingItemView.swift */ = {isa = PBXFileReference; lastKnownFileType = sourcecode.swift; path = ListingItemView.swift; sourceTree = "<group>"; };
		2E3FCF4E2B7154F000CCAF5A /* SearchAndFilterBar.swift */ = {isa = PBXFileReference; lastKnownFileType = sourcecode.swift; path = SearchAndFilterBar.swift; sourceTree = "<group>"; };
		2E3FCF502B71673500CCAF5A /* ListingDetailView.swift */ = {isa = PBXFileReference; lastKnownFileType = sourcecode.swift; path = ListingDetailView.swift; sourceTree = "<group>"; };
		2E3FCF532B7167AE00CCAF5A /* ListingImageCarouselView.swift */ = {isa = PBXFileReference; lastKnownFileType = sourcecode.swift; path = ListingImageCarouselView.swift; sourceTree = "<group>"; };
		2E3FCF552B74051A00CCAF5A /* DestinationSearchView.swift */ = {isa = PBXFileReference; lastKnownFileType = sourcecode.swift; path = DestinationSearchView.swift; sourceTree = "<group>"; };
		2E3FCF572B76637B00CCAF5A /* ProfileView.swift */ = {isa = PBXFileReference; lastKnownFileType = sourcecode.swift; path = ProfileView.swift; sourceTree = "<group>"; };
		2E3FCF592B767BA200CCAF5A /* ProfileOptionRowView.swift */ = {isa = PBXFileReference; lastKnownFileType = sourcecode.swift; path = ProfileOptionRowView.swift; sourceTree = "<group>"; };
		2E3FCF5B2B767CA400CCAF5A /* WishlistView.swift */ = {isa = PBXFileReference; lastKnownFileType = sourcecode.swift; path = WishlistView.swift; sourceTree = "<group>"; };
		2E3FCF5D2B76AFCB00CCAF5A /* MainTabView.swift */ = {isa = PBXFileReference; lastKnownFileType = sourcecode.swift; path = MainTabView.swift; sourceTree = "<group>"; };
		2E3FCF612B76B18700CCAF5A /* Listing.swift */ = {isa = PBXFileReference; lastKnownFileType = sourcecode.swift; path = Listing.swift; sourceTree = "<group>"; };
		2E3FCF632B76CA0400CCAF5A /* DeveloperPreview.swift */ = {isa = PBXFileReference; lastKnownFileType = sourcecode.swift; path = DeveloperPreview.swift; sourceTree = "<group>"; };
/* End PBXFileReference section */

/* Begin PBXFrameworksBuildPhase section */
		2E3FCF2A2B6F90DD00CCAF5A /* Frameworks */ = {
			isa = PBXFrameworksBuildPhase;
			buildActionMask = 2147483647;
			files = (
			);
			runOnlyForDeploymentPostprocessing = 0;
		};
/* End PBXFrameworksBuildPhase section */

/* Begin PBXGroup section */
		2E3FCF242B6F90DD00CCAF5A = {
			isa = PBXGroup;
			children = (
				2E3FCF2F2B6F90DD00CCAF5A /* AirbnbClone */,
				2E3FCF2E2B6F90DD00CCAF5A /* Products */,
			);
			sourceTree = "<group>";
		};
		2E3FCF2E2B6F90DD00CCAF5A /* Products */ = {
			isa = PBXGroup;
			children = (
				2E3FCF2D2B6F90DD00CCAF5A /* AirbnbClone.app */,
			);
			name = Products;
			sourceTree = "<group>";
		};
		2E3FCF2F2B6F90DD00CCAF5A /* AirbnbClone */ = {
			isa = PBXGroup;
			children = (
				2E3FCF3E2B6F910900CCAF5A /* App */,
				2E3FCF3F2B6F912200CCAF5A /* Core */,
				2E3FCF402B6F912700CCAF5A /* Extensions */,
				2E3FCF412B6F913000CCAF5A /* Models */,
				2E3FCF422B6F913600CCAF5A /* Utils */,
				2E3FCF322B6F90DD00CCAF5A /* ContentView.swift */,
				2E3FCF342B6F90DE00CCAF5A /* Assets.xcassets */,
				2E3FCF362B6F90DE00CCAF5A /* Preview Content */,
			);
			path = AirbnbClone;
			sourceTree = "<group>";
		};
		2E3FCF362B6F90DE00CCAF5A /* Preview Content */ = {
			isa = PBXGroup;
			children = (
				2E3FCF372B6F90DE00CCAF5A /* Preview Assets.xcassets */,
			);
			path = "Preview Content";
			sourceTree = "<group>";
		};
		2E3FCF3E2B6F910900CCAF5A /* App */ = {
			isa = PBXGroup;
			children = (
				2E3FCF302B6F90DD00CCAF5A /* AirbnbCloneApp.swift */,
			);
			path = App;
			sourceTree = "<group>";
		};
		2E3FCF3F2B6F912200CCAF5A /* Core */ = {
			isa = PBXGroup;
			children = (
				2E3FCF522B71679600CCAF5A /* Components */,
				2E3FCF432B6F91AB00CCAF5A /* Explore */,
				2E3FCF442B6F91B300CCAF5A /* Listings */,
				2E3FCF452B6F91C000CCAF5A /* MapView */,
				2E3FCF462B6F91D600CCAF5A /* Profile */,
				2E3FCF472B6F91E600CCAF5A /* Root */,
				2E3FCF482B6F91FD00CCAF5A /* TabBar */,
				2E3FCF492B6F920600CCAF5A /* Wishlists */,
			);
			path = Core;
			sourceTree = "<group>";
		};
		2E3FCF402B6F912700CCAF5A /* Extensions */ = {
			isa = PBXGroup;
			children = (
				2E3FCF632B76CA0400CCAF5A /* DeveloperPreview.swift */,
			);
			path = Extensions;
			sourceTree = "<group>";
		};
		2E3FCF412B6F913000CCAF5A /* Models */ = {
			isa = PBXGroup;
			children = (
			);
			path = Models;
			sourceTree = "<group>";
		};
		2E3FCF422B6F913600CCAF5A /* Utils */ = {
			isa = PBXGroup;
			children = (
			);
			path = Utils;
			sourceTree = "<group>";
		};
		2E3FCF432B6F91AB00CCAF5A /* Explore */ = {
			isa = PBXGroup;
			children = (
				2E3FCF4A2B6F936300CCAF5A /* ExploreView.swift */,
				2E3FCF4E2B7154F000CCAF5A /* SearchAndFilterBar.swift */,
				2E3FCF552B74051A00CCAF5A /* DestinationSearchView.swift */,
			);
			path = Explore;
			sourceTree = "<group>";
		};
		2E3FCF442B6F91B300CCAF5A /* Listings */ = {
			isa = PBXGroup;
			children = (
				2E3FCF5F2B76B16000CCAF5A /* Model */,
				2E3FCF602B76B16B00CCAF5A /* View */,
			);
			path = Listings;
			sourceTree = "<group>";
		};
		2E3FCF452B6F91C000CCAF5A /* MapView */ = {
			isa = PBXGroup;
			children = (
			);
			path = MapView;
			sourceTree = "<group>";
		};
		2E3FCF462B6F91D600CCAF5A /* Profile */ = {
			isa = PBXGroup;
			children = (
				2E3FCF572B76637B00CCAF5A /* ProfileView.swift */,
				2E3FCF592B767BA200CCAF5A /* ProfileOptionRowView.swift */,
			);
			path = Profile;
			sourceTree = "<group>";
		};
		2E3FCF472B6F91E600CCAF5A /* Root */ = {
			isa = PBXGroup;
			children = (
			);
			path = Root;
			sourceTree = "<group>";
		};
		2E3FCF482B6F91FD00CCAF5A /* TabBar */ = {
			isa = PBXGroup;
			children = (
				2E3FCF5D2B76AFCB00CCAF5A /* MainTabView.swift */,
			);
			path = TabBar;
			sourceTree = "<group>";
		};
		2E3FCF492B6F920600CCAF5A /* Wishlists */ = {
			isa = PBXGroup;
			children = (
				2E3FCF5B2B767CA400CCAF5A /* WishlistView.swift */,
			);
			path = Wishlists;
			sourceTree = "<group>";
		};
		2E3FCF522B71679600CCAF5A /* Components */ = {
			isa = PBXGroup;
			children = (
				2E3FCF532B7167AE00CCAF5A /* ListingImageCarouselView.swift */,
			);
			path = Components;
			sourceTree = "<group>";
		};
		2E3FCF5F2B76B16000CCAF5A /* Model */ = {
			isa = PBXGroup;
			children = (
				2E3FCF612B76B18700CCAF5A /* Listing.swift */,
			);
			path = Model;
			sourceTree = "<group>";
		};
		2E3FCF602B76B16B00CCAF5A /* View */ = {
			isa = PBXGroup;
			children = (
				2E3FCF4C2B6F94B600CCAF5A /* ListingItemView.swift */,
				2E3FCF502B71673500CCAF5A /* ListingDetailView.swift */,
			);
			path = View;
			sourceTree = "<group>";
		};
/* End PBXGroup section */

/* Begin PBXNativeTarget section */
		2E3FCF2C2B6F90DD00CCAF5A /* AirbnbClone */ = {
			isa = PBXNativeTarget;
			buildConfigurationList = 2E3FCF3B2B6F90DE00CCAF5A /* Build configuration list for PBXNativeTarget "AirbnbClone" */;
			buildPhases = (
				2E3FCF292B6F90DD00CCAF5A /* Sources */,
				2E3FCF2A2B6F90DD00CCAF5A /* Frameworks */,
				2E3FCF2B2B6F90DD00CCAF5A /* Resources */,
			);
			buildRules = (
			);
			dependencies = (
			);
			name = AirbnbClone;
			productName = AirbnbClone;
			productReference = 2E3FCF2D2B6F90DD00CCAF5A /* AirbnbClone.app */;
			productType = "com.apple.product-type.application";
		};
/* End PBXNativeTarget section */

/* Begin PBXProject section */
		2E3FCF252B6F90DD00CCAF5A /* Project object */ = {
			isa = PBXProject;
			attributes = {
				BuildIndependentTargetsInParallel = 1;
				LastSwiftUpdateCheck = 1520;
				LastUpgradeCheck = 1520;
				TargetAttributes = {
					2E3FCF2C2B6F90DD00CCAF5A = {
						CreatedOnToolsVersion = 15.2;
					};
				};
			};
			buildConfigurationList = 2E3FCF282B6F90DD00CCAF5A /* Build configuration list for PBXProject "AirbnbClone" */;
			compatibilityVersion = "Xcode 14.0";
			developmentRegion = en;
			hasScannedForEncodings = 0;
			knownRegions = (
				en,
				Base,
			);
			mainGroup = 2E3FCF242B6F90DD00CCAF5A;
			productRefGroup = 2E3FCF2E2B6F90DD00CCAF5A /* Products */;
			projectDirPath = "";
			projectRoot = "";
			targets = (
				2E3FCF2C2B6F90DD00CCAF5A /* AirbnbClone */,
			);
		};
/* End PBXProject section */

/* Begin PBXResourcesBuildPhase section */
		2E3FCF2B2B6F90DD00CCAF5A /* Resources */ = {
			isa = PBXResourcesBuildPhase;
			buildActionMask = 2147483647;
			files = (
				2E3FCF382B6F90DE00CCAF5A /* Preview Assets.xcassets in Resources */,
				2E3FCF352B6F90DE00CCAF5A /* Assets.xcassets in Resources */,
			);
			runOnlyForDeploymentPostprocessing = 0;
		};
/* End PBXResourcesBuildPhase section */

/* Begin PBXSourcesBuildPhase section */
		2E3FCF292B6F90DD00CCAF5A /* Sources */ = {
			isa = PBXSourcesBuildPhase;
			buildActionMask = 2147483647;
			files = (
				2E3FCF542B7167AE00CCAF5A /* ListingImageCarouselView.swift in Sources */,
				2E3FCF582B76637B00CCAF5A /* ProfileView.swift in Sources */,
				2E3FCF5A2B767BA200CCAF5A /* ProfileOptionRowView.swift in Sources */,
				2E3FCF562B74051A00CCAF5A /* DestinationSearchView.swift in Sources */,
				2E3FCF332B6F90DD00CCAF5A /* ContentView.swift in Sources */,
				2E3FCF4D2B6F94B600CCAF5A /* ListingItemView.swift in Sources */,
				2E3FCF4B2B6F936300CCAF5A /* ExploreView.swift in Sources */,
				2E3FCF622B76B18700CCAF5A /* Listing.swift in Sources */,
				2E3FCF5C2B767CA400CCAF5A /* WishlistView.swift in Sources */,
				2E3FCF4F2B7154F000CCAF5A /* SearchAndFilterBar.swift in Sources */,
				2E3FCF512B71673500CCAF5A /* ListingDetailView.swift in Sources */,
				2E3FCF312B6F90DD00CCAF5A /* AirbnbCloneApp.swift in Sources */,
				2E3FCF5E2B76AFCB00CCAF5A /* MainTabView.swift in Sources */,
				2E3FCF642B76CA0400CCAF5A /* DeveloperPreview.swift in Sources */,
			);
			runOnlyForDeploymentPostprocessing = 0;
		};
/* End PBXSourcesBuildPhase section */

/* Begin XCBuildConfiguration section */
		2E3FCF392B6F90DE00CCAF5A /* Debug */ = {
			isa = XCBuildConfiguration;
			buildSettings = {
				ALWAYS_SEARCH_USER_PATHS = NO;
				ASSETCATALOG_COMPILER_GENERATE_SWIFT_ASSET_SYMBOL_EXTENSIONS = YES;
				CLANG_ANALYZER_NONNULL = YES;
				CLANG_ANALYZER_NUMBER_OBJECT_CONVERSION = YES_AGGRESSIVE;
				CLANG_CXX_LANGUAGE_STANDARD = "gnu++20";
				CLANG_ENABLE_MODULES = YES;
				CLANG_ENABLE_OBJC_ARC = YES;
				CLANG_ENABLE_OBJC_WEAK = YES;
				CLANG_WARN_BLOCK_CAPTURE_AUTORELEASING = YES;
				CLANG_WARN_BOOL_CONVERSION = YES;
				CLANG_WARN_COMMA = YES;
				CLANG_WARN_CONSTANT_CONVERSION = YES;
				CLANG_WARN_DEPRECATED_OBJC_IMPLEMENTATIONS = YES;
				CLANG_WARN_DIRECT_OBJC_ISA_USAGE = YES_ERROR;
				CLANG_WARN_DOCUMENTATION_COMMENTS = YES;
				CLANG_WARN_EMPTY_BODY = YES;
				CLANG_WARN_ENUM_CONVERSION = YES;
				CLANG_WARN_INFINITE_RECURSION = YES;
				CLANG_WARN_INT_CONVERSION = YES;
				CLANG_WARN_NON_LITERAL_NULL_CONVERSION = YES;
				CLANG_WARN_OBJC_IMPLICIT_RETAIN_SELF = YES;
				CLANG_WARN_OBJC_LITERAL_CONVERSION = YES;
				CLANG_WARN_OBJC_ROOT_CLASS = YES_ERROR;
				CLANG_WARN_QUOTED_INCLUDE_IN_FRAMEWORK_HEADER = YES;
				CLANG_WARN_RANGE_LOOP_ANALYSIS = YES;
				CLANG_WARN_STRICT_PROTOTYPES = YES;
				CLANG_WARN_SUSPICIOUS_MOVE = YES;
				CLANG_WARN_UNGUARDED_AVAILABILITY = YES_AGGRESSIVE;
				CLANG_WARN_UNREACHABLE_CODE = YES;
				CLANG_WARN__DUPLICATE_METHOD_MATCH = YES;
				COPY_PHASE_STRIP = NO;
				DEBUG_INFORMATION_FORMAT = dwarf;
				ENABLE_STRICT_OBJC_MSGSEND = YES;
				ENABLE_TESTABILITY = YES;
				ENABLE_USER_SCRIPT_SANDBOXING = YES;
				GCC_C_LANGUAGE_STANDARD = gnu17;
				GCC_DYNAMIC_NO_PIC = NO;
				GCC_NO_COMMON_BLOCKS = YES;
				GCC_OPTIMIZATION_LEVEL = 0;
				GCC_PREPROCESSOR_DEFINITIONS = (
					"DEBUG=1",
					"$(inherited)",
				);
				GCC_WARN_64_TO_32_BIT_CONVERSION = YES;
				GCC_WARN_ABOUT_RETURN_TYPE = YES_ERROR;
				GCC_WARN_UNDECLARED_SELECTOR = YES;
				GCC_WARN_UNINITIALIZED_AUTOS = YES_AGGRESSIVE;
				GCC_WARN_UNUSED_FUNCTION = YES;
				GCC_WARN_UNUSED_VARIABLE = YES;
				IPHONEOS_DEPLOYMENT_TARGET = 17.2;
				LOCALIZATION_PREFERS_STRING_CATALOGS = YES;
				MTL_ENABLE_DEBUG_INFO = INCLUDE_SOURCE;
				MTL_FAST_MATH = YES;
				ONLY_ACTIVE_ARCH = YES;
				SDKROOT = iphoneos;
				SWIFT_ACTIVE_COMPILATION_CONDITIONS = "DEBUG $(inherited)";
				SWIFT_OPTIMIZATION_LEVEL = "-Onone";
			};
			name = Debug;
		};
		2E3FCF3A2B6F90DE00CCAF5A /* Release */ = {
			isa = XCBuildConfiguration;
			buildSettings = {
				ALWAYS_SEARCH_USER_PATHS = NO;
				ASSETCATALOG_COMPILER_GENERATE_SWIFT_ASSET_SYMBOL_EXTENSIONS = YES;
				CLANG_ANALYZER_NONNULL = YES;
				CLANG_ANALYZER_NUMBER_OBJECT_CONVERSION = YES_AGGRESSIVE;
				CLANG_CXX_LANGUAGE_STANDARD = "gnu++20";
				CLANG_ENABLE_MODULES = YES;
				CLANG_ENABLE_OBJC_ARC = YES;
				CLANG_ENABLE_OBJC_WEAK = YES;
				CLANG_WARN_BLOCK_CAPTURE_AUTORELEASING = YES;
				CLANG_WARN_BOOL_CONVERSION = YES;
				CLANG_WARN_COMMA = YES;
				CLANG_WARN_CONSTANT_CONVERSION = YES;
				CLANG_WARN_DEPRECATED_OBJC_IMPLEMENTATIONS = YES;
				CLANG_WARN_DIRECT_OBJC_ISA_USAGE = YES_ERROR;
				CLANG_WARN_DOCUMENTATION_COMMENTS = YES;
				CLANG_WARN_EMPTY_BODY = YES;
				CLANG_WARN_ENUM_CONVERSION = YES;
				CLANG_WARN_INFINITE_RECURSION = YES;
				CLANG_WARN_INT_CONVERSION = YES;
				CLANG_WARN_NON_LITERAL_NULL_CONVERSION = YES;
				CLANG_WARN_OBJC_IMPLICIT_RETAIN_SELF = YES;
				CLANG_WARN_OBJC_LITERAL_CONVERSION = YES;
				CLANG_WARN_OBJC_ROOT_CLASS = YES_ERROR;
				CLANG_WARN_QUOTED_INCLUDE_IN_FRAMEWORK_HEADER = YES;
				CLANG_WARN_RANGE_LOOP_ANALYSIS = YES;
				CLANG_WARN_STRICT_PROTOTYPES = YES;
				CLANG_WARN_SUSPICIOUS_MOVE = YES;
				CLANG_WARN_UNGUARDED_AVAILABILITY = YES_AGGRESSIVE;
				CLANG_WARN_UNREACHABLE_CODE = YES;
				CLANG_WARN__DUPLICATE_METHOD_MATCH = YES;
				COPY_PHASE_STRIP = NO;
				DEBUG_INFORMATION_FORMAT = "dwarf-with-dsym";
				ENABLE_NS_ASSERTIONS = NO;
				ENABLE_STRICT_OBJC_MSGSEND = YES;
				ENABLE_USER_SCRIPT_SANDBOXING = YES;
				GCC_C_LANGUAGE_STANDARD = gnu17;
				GCC_NO_COMMON_BLOCKS = YES;
				GCC_WARN_64_TO_32_BIT_CONVERSION = YES;
				GCC_WARN_ABOUT_RETURN_TYPE = YES_ERROR;
				GCC_WARN_UNDECLARED_SELECTOR = YES;
				GCC_WARN_UNINITIALIZED_AUTOS = YES_AGGRESSIVE;
				GCC_WARN_UNUSED_FUNCTION = YES;
				GCC_WARN_UNUSED_VARIABLE = YES;
				IPHONEOS_DEPLOYMENT_TARGET = 17.2;
				LOCALIZATION_PREFERS_STRING_CATALOGS = YES;
				MTL_ENABLE_DEBUG_INFO = NO;
				MTL_FAST_MATH = YES;
				SDKROOT = iphoneos;
				SWIFT_COMPILATION_MODE = wholemodule;
				VALIDATE_PRODUCT = YES;
			};
			name = Release;
		};
		2E3FCF3C2B6F90DE00CCAF5A /* Debug */ = {
			isa = XCBuildConfiguration;
			buildSettings = {
				ASSETCATALOG_COMPILER_APPICON_NAME = AppIcon;
				ASSETCATALOG_COMPILER_GLOBAL_ACCENT_COLOR_NAME = AccentColor;
				CODE_SIGN_STYLE = Automatic;
				CURRENT_PROJECT_VERSION = 1;
				DEVELOPMENT_ASSET_PATHS = "\"AirbnbClone/Preview Content\"";
				ENABLE_PREVIEWS = YES;
				GENERATE_INFOPLIST_FILE = YES;
				INFOPLIST_KEY_UIApplicationSceneManifest_Generation = YES;
				INFOPLIST_KEY_UIApplicationSupportsIndirectInputEvents = YES;
				INFOPLIST_KEY_UILaunchScreen_Generation = YES;
				INFOPLIST_KEY_UISupportedInterfaceOrientations_iPad = "UIInterfaceOrientationPortrait UIInterfaceOrientationPortraitUpsideDown UIInterfaceOrientationLandscapeLeft UIInterfaceOrientationLandscapeRight";
				INFOPLIST_KEY_UISupportedInterfaceOrientations_iPhone = "UIInterfaceOrientationPortrait UIInterfaceOrientationLandscapeLeft UIInterfaceOrientationLandscapeRight";
				LD_RUNPATH_SEARCH_PATHS = (
					"$(inherited)",
					"@executable_path/Frameworks",
				);
				MARKETING_VERSION = 1.0;
				PRODUCT_BUNDLE_IDENTIFIER = umutycaliskan.AirbnbClone;
				PRODUCT_NAME = "$(TARGET_NAME)";
				SWIFT_EMIT_LOC_STRINGS = YES;
				SWIFT_VERSION = 5.0;
				TARGETED_DEVICE_FAMILY = "1,2";
			};
			name = Debug;
		};
		2E3FCF3D2B6F90DE00CCAF5A /* Release */ = {
			isa = XCBuildConfiguration;
			buildSettings = {
				ASSETCATALOG_COMPILER_APPICON_NAME = AppIcon;
				ASSETCATALOG_COMPILER_GLOBAL_ACCENT_COLOR_NAME = AccentColor;
				CODE_SIGN_STYLE = Automatic;
				CURRENT_PROJECT_VERSION = 1;
				DEVELOPMENT_ASSET_PATHS = "\"AirbnbClone/Preview Content\"";
				ENABLE_PREVIEWS = YES;
				GENERATE_INFOPLIST_FILE = YES;
				INFOPLIST_KEY_UIApplicationSceneManifest_Generation = YES;
				INFOPLIST_KEY_UIApplicationSupportsIndirectInputEvents = YES;
				INFOPLIST_KEY_UILaunchScreen_Generation = YES;
				INFOPLIST_KEY_UISupportedInterfaceOrientations_iPad = "UIInterfaceOrientationPortrait UIInterfaceOrientationPortraitUpsideDown UIInterfaceOrientationLandscapeLeft UIInterfaceOrientationLandscapeRight";
				INFOPLIST_KEY_UISupportedInterfaceOrientations_iPhone = "UIInterfaceOrientationPortrait UIInterfaceOrientationLandscapeLeft UIInterfaceOrientationLandscapeRight";
				LD_RUNPATH_SEARCH_PATHS = (
					"$(inherited)",
					"@executable_path/Frameworks",
				);
				MARKETING_VERSION = 1.0;
				PRODUCT_BUNDLE_IDENTIFIER = umutycaliskan.AirbnbClone;
				PRODUCT_NAME = "$(TARGET_NAME)";
				SWIFT_EMIT_LOC_STRINGS = YES;
				SWIFT_VERSION = 5.0;
				TARGETED_DEVICE_FAMILY = "1,2";
			};
			name = Release;
		};
/* End XCBuildConfiguration section */

/* Begin XCConfigurationList section */
		2E3FCF282B6F90DD00CCAF5A /* Build configuration list for PBXProject "AirbnbClone" */ = {
			isa = XCConfigurationList;
			buildConfigurations = (
				2E3FCF392B6F90DE00CCAF5A /* Debug */,
				2E3FCF3A2B6F90DE00CCAF5A /* Release */,
			);
			defaultConfigurationIsVisible = 0;
			defaultConfigurationName = Release;
		};
		2E3FCF3B2B6F90DE00CCAF5A /* Build configuration list for PBXNativeTarget "AirbnbClone" */ = {
			isa = XCConfigurationList;
			buildConfigurations = (
				2E3FCF3C2B6F90DE00CCAF5A /* Debug */,
				2E3FCF3D2B6F90DE00CCAF5A /* Release */,
			);
			defaultConfigurationIsVisible = 0;
			defaultConfigurationName = Release;
		};
/* End XCConfigurationList section */
	};
	rootObject = 2E3FCF252B6F90DD00CCAF5A /* Project object */;
}
